
Microsoft Visual Studio Solution File, Format Version 12.00
# Visual Studio Version 16
VisualStudioVersion = 16.0.33027.164
MinimumVisualStudioVersion = 10.0.40219.1
Project("{FAE04EC0-301F-11D3-BF4B-00C04F79EFBC}") = "IoTWebApp", "IoTWebApp\IoTWebApp.csproj", "{E9D08323-4B68-4D04-AE5B-934E065D77A2}"
EndProject
Global
	GlobalSection(SolutionConfigurationPlatforms) = preSolution
		Debug|Any CPU = Debug|Any CPU
		Release|Any CPU = Release|Any CPU
	EndGlobalSection
	GlobalSection(ProjectConfigurationPlatforms) = postSolution
		{E9D08323-4B68-4D04-AE5B-934E065D77A2}.Debug|Any CPU.ActiveCfg = Debug|Any CPU
		{E9D08323-4B68-4D04-AE5B-934E065D77A2}.Debug|Any CPU.Build.0 = Debug|Any CPU
		{E9D08323-4B68-4D04-AE5B-934E065D77A2}.Release|Any CPU.ActiveCfg = Release|Any CPU
		{E9D08323-4B68-4D04-AE5B-934E065D77A2}.Release|Any CPU.Build.0 = Release|Any CPU
	EndGlobalSection
	GlobalSection(SolutionProperties) = preSolution
		HideSolutionNode = FALSE
	EndGlobalSection
	GlobalSection(ExtensibilityGlobals) = postSolution
		SolutionGuid = {8B9B97A4-7B52-4CAB-B0BB-D1C314DE16A5}
	EndGlobalSection
EndGlobal
